{
  "version": 4,
  "terraform_version": "1.3.3",
  "serial": 96,
  "lineage": "1e97acb1-3f48-988f-ccd8-8ecb97d45244",
  "outputs": {
    "db_password": {
      "value": "123?password!",
      "type": "string",
      "sensitive": true
    },
    "db_username": {
      "value": "eductive17",
      "type": "string"
    }
  },
  "resources": [
    {
      "mode": "managed",
      "type": "local_file",
      "name": "inventory",
      "provider": "provider[\"registry.terraform.io/hashicorp/local\"]",
      "instances": []
    },
    {
      "mode": "managed",
      "type": "openstack_compute_instance_v2",
      "name": "backend_gra",
      "provider": "provider[\"registry.terraform.io/terraform-provider-openstack/openstack\"].ovh",
      "instances": [
        {
          "index_key": 0,
          "status": "tainted",
          "schema_version": 0,
          "attributes": {
            "access_ip_v4": null,
            "access_ip_v6": null,
            "admin_pass": null,
            "all_metadata": null,
            "all_tags": [],
            "availability_zone": null,
            "availability_zone_hints": null,
            "block_device": [],
            "config_drive": null,
            "flavor_id": null,
            "flavor_name": "s1-2",
            "floating_ip": null,
            "force_delete": false,
            "id": "34c85548-c3e7-4dec-8295-a149fc32befb",
            "image_id": null,
            "image_name": "Debian 11",
            "key_pair": "sshkey_eductive17_gra",
            "metadata": null,
            "name": "backend_eductive17_gra_2",
            "network": [
              {
                "access_network": false,
                "fixed_ip_v4": "",
                "fixed_ip_v6": "",
                "floating_ip": "",
                "mac": "",
                "name": "Ext-Net",
                "port": "",
                "uuid": ""
              },
              {
                "access_network": false,
                "fixed_ip_v4": "192.168.17.1",
                "fixed_ip_v6": "",
                "floating_ip": "",
                "mac": "",
                "name": "private_network_eductive17",
                "port": "",
                "uuid": ""
              }
            ],
            "network_mode": null,
            "personality": [],
            "power_state": "active",
            "region": "GRA11",
            "scheduler_hints": [],
            "security_groups": [],
            "stop_before_destroy": false,
            "tags": null,
            "timeouts": null,
            "user_data": null,
            "vendor_options": [],
            "volume": []
          },
          "sensitive_attributes": [],
          "private": "eyJlMmJmYjczMC1lY2FhLTExZTYtOGY4OC0zNDM2M2JjN2M0YzAiOnsiY3JlYXRlIjoxODAwMDAwMDAwMDAwLCJkZWxldGUiOjE4MDAwMDAwMDAwMDAsInVwZGF0ZSI6MTgwMDAwMDAwMDAwMH19",
          "dependencies": [
            "openstack_compute_keypair_v2.test_keypair",
            "ovh_cloud_project_network_private.private_network",
            "ovh_cloud_project_network_private_subnet.subnetwork_gra"
          ]
        }
      ]
    },
    {
      "mode": "managed",
      "type": "openstack_compute_instance_v2",
      "name": "backend_sbg",
      "provider": "provider[\"registry.terraform.io/terraform-provider-openstack/openstack\"].ovh",
      "instances": [
        {
          "index_key": 0,
          "schema_version": 0,
          "attributes": {
            "access_ip_v4": "51.68.92.239",
            "access_ip_v6": "[2001:41d0:404:100::2b5b]",
            "admin_pass": null,
            "all_metadata": {},
            "all_tags": [],
            "availability_zone": "nova",
            "availability_zone_hints": null,
            "block_device": [],
            "config_drive": null,
            "flavor_id": "ce07016c-95df-4085-bb5a-565caffc2063",
            "flavor_name": "s1-2",
            "floating_ip": null,
            "force_delete": false,
            "id": "7cb96ebd-20d1-4346-9cc2-662a385fad48",
            "image_id": "b6b0399c-b631-48ea-9b62-629579cf91f0",
            "image_name": "Debian 11",
            "key_pair": "sshkey_eductive17_sbg",
            "metadata": null,
            "name": "backend_eductive17_sbg_1",
            "network": [
              {
                "access_network": false,
                "fixed_ip_v4": "51.68.92.239",
                "fixed_ip_v6": "[2001:41d0:404:100::2b5b]",
                "floating_ip": "",
                "mac": "fa:16:3e:fa:b8:ab",
                "name": "Ext-Net",
                "port": "",
                "uuid": "581fad02-158d-4dc6-81f0-c1ec2794bbec"
              },
              {
                "access_network": false,
                "fixed_ip_v4": "192.168.17.101",
                "fixed_ip_v6": "",
                "floating_ip": "",
                "mac": "fa:16:3e:36:6e:1c",
                "name": "private_network_eductive17",
                "port": "",
                "uuid": "cb9f83c3-b696-4ed8-ad74-48e678f8cff4"
              }
            ],
            "network_mode": null,
            "personality": [],
            "power_state": "active",
            "region": "SBG5",
            "scheduler_hints": [],
            "security_groups": [
              "default"
            ],
            "stop_before_destroy": false,
            "tags": [],
            "timeouts": null,
            "user_data": null,
            "vendor_options": [],
            "volume": []
          },
          "sensitive_attributes": [],
          "private": "eyJlMmJmYjczMC1lY2FhLTExZTYtOGY4OC0zNDM2M2JjN2M0YzAiOnsiY3JlYXRlIjoxODAwMDAwMDAwMDAwLCJkZWxldGUiOjE4MDAwMDAwMDAwMDAsInVwZGF0ZSI6MTgwMDAwMDAwMDAwMH19",
          "dependencies": [
            "openstack_compute_keypair_v2.test_keypair",
            "ovh_cloud_project_network_private.private_network",
            "ovh_cloud_project_network_private_subnet.subnetwork_sbg"
          ]
        }
      ]
    },
    {
      "mode": "managed",
      "type": "openstack_compute_instance_v2",
      "name": "front",
      "provider": "provider[\"registry.terraform.io/terraform-provider-openstack/openstack\"].ovh",
      "instances": [
        {
          "status": "tainted",
          "schema_version": 0,
          "attributes": {
            "access_ip_v4": null,
            "access_ip_v6": null,
            "admin_pass": null,
            "all_metadata": null,
            "all_tags": [],
            "availability_zone": null,
            "availability_zone_hints": null,
            "block_device": [],
            "config_drive": null,
            "flavor_id": null,
            "flavor_name": "s1-2",
            "floating_ip": null,
            "force_delete": false,
            "id": "275971f3-b1a3-4af8-8929-8caf10860c06",
            "image_id": null,
            "image_name": "Debian 11",
            "key_pair": "sshkey_eductive17_gra",
            "metadata": null,
            "name": "front_eductive17",
            "network": [
              {
                "access_network": false,
                "fixed_ip_v4": "",
                "fixed_ip_v6": "",
                "floating_ip": "",
                "mac": "",
                "name": "Ext-Net",
                "port": "",
                "uuid": ""
              },
              {
                "access_network": false,
                "fixed_ip_v4": "192.168.17.254",
                "fixed_ip_v6": "",
                "floating_ip": "",
                "mac": "",
                "name": "private_network_eductive17",
                "port": "",
                "uuid": ""
              }
            ],
            "network_mode": null,
            "personality": [],
            "power_state": "active",
            "region": "GRA11",
            "scheduler_hints": [],
            "security_groups": [],
            "stop_before_destroy": false,
            "tags": null,
            "timeouts": null,
            "user_data": null,
            "vendor_options": [],
            "volume": []
          },
          "sensitive_attributes": [],
          "private": "eyJlMmJmYjczMC1lY2FhLTExZTYtOGY4OC0zNDM2M2JjN2M0YzAiOnsiY3JlYXRlIjoxODAwMDAwMDAwMDAwLCJkZWxldGUiOjE4MDAwMDAwMDAwMDAsInVwZGF0ZSI6MTgwMDAwMDAwMDAwMH19",
          "dependencies": [
            "openstack_compute_keypair_v2.test_keypair",
            "ovh_cloud_project_network_private.private_network",
            "ovh_cloud_project_network_private_subnet.subnetwork_gra"
          ]
        }
      ]
    },
    {
      "mode": "managed",
      "type": "openstack_compute_keypair_v2",
      "name": "test_keypair",
      "provider": "provider[\"registry.terraform.io/terraform-provider-openstack/openstack\"].ovh",
      "instances": [
        {
          "index_key": 0,
          "schema_version": 0,
          "attributes": {
            "fingerprint": "8d:5d:f2:71:19:51:2c:db:a9:df:3d:57:4a:50:f5:c5",
            "id": "sshkey_eductive17_gra",
            "name": "sshkey_eductive17_gra",
            "private_key": "",
            "public_key": "ssh-rsa AAAAB3NzaC1yc2EAAAADAQABAAACAQCxToXhPKXEDQcZewm6A1NEah3GtKRt3BqBPXo38n0xlk7wHqYtCPSTqcOwra9CBMh5Nw1odUSja7myu81RJYall//dqCPnZMxfhzjeVHNm5stFRBi/8R9SiG6cWrQyc3MBuPQSZe9oJuqVC7krqRedM04wP3gjEzqNauHFKaWGJwINgN0pxkuUTcl+YyBI5jwDgJP4mdGgRPwD55t4BPwDfBIwBh6Ufd3bhFZZuEr5BzjlAIj14fZtet5dPen5NpizWo/FBtMQWCGuKFVP4Z1rli5wYb2vxbJ3l8+PrgVjCfM/wMUgBuu3buKX7ZiAlc7kKWAghsxexCXo+T9q8LOA1qkz1jbRD0jtxOEr5lQafA40VA40XcpyWyraGjhjYhsIO/iuHZseniOHl0YfsUCgORkXxhkzWr7tuLJBkNSHy+ydvEGkDGcmkCAjmfE/frzIVBoXk4eHVGJW137pA/kxBkFwVSmj3rBODT9aEFOw0koXG7KskB7Rq7WlD36i2ApDvcoO73eyVR3rQN3TW2ZLKDFnmBdSTsrR0/GMtv5ZIF4s6p7rwx55Ml/64j1Hd7z8ISJx5MkwQNLXkCrGKFkBgrDpHSoQwbeOnV9CEudZ7PNne0G6FixJdG7w79jbL6u1172rupClrftveJ/FKATri/aHDY61oyGoZIG/LNkRHw== eductive17@master.thisistheway.ovh\n",
            "region": "GRA11",
            "value_specs": null
          },
          "sensitive_attributes": [],
          "private": "bnVsbA=="
        },
        {
          "index_key": 1,
          "schema_version": 0,
          "attributes": {
            "fingerprint": "8d:5d:f2:71:19:51:2c:db:a9:df:3d:57:4a:50:f5:c5",
            "id": "sshkey_eductive17_sbg",
            "name": "sshkey_eductive17_sbg",
            "private_key": "",
            "public_key": "ssh-rsa AAAAB3NzaC1yc2EAAAADAQABAAACAQCxToXhPKXEDQcZewm6A1NEah3GtKRt3BqBPXo38n0xlk7wHqYtCPSTqcOwra9CBMh5Nw1odUSja7myu81RJYall//dqCPnZMxfhzjeVHNm5stFRBi/8R9SiG6cWrQyc3MBuPQSZe9oJuqVC7krqRedM04wP3gjEzqNauHFKaWGJwINgN0pxkuUTcl+YyBI5jwDgJP4mdGgRPwD55t4BPwDfBIwBh6Ufd3bhFZZuEr5BzjlAIj14fZtet5dPen5NpizWo/FBtMQWCGuKFVP4Z1rli5wYb2vxbJ3l8+PrgVjCfM/wMUgBuu3buKX7ZiAlc7kKWAghsxexCXo+T9q8LOA1qkz1jbRD0jtxOEr5lQafA40VA40XcpyWyraGjhjYhsIO/iuHZseniOHl0YfsUCgORkXxhkzWr7tuLJBkNSHy+ydvEGkDGcmkCAjmfE/frzIVBoXk4eHVGJW137pA/kxBkFwVSmj3rBODT9aEFOw0koXG7KskB7Rq7WlD36i2ApDvcoO73eyVR3rQN3TW2ZLKDFnmBdSTsrR0/GMtv5ZIF4s6p7rwx55Ml/64j1Hd7z8ISJx5MkwQNLXkCrGKFkBgrDpHSoQwbeOnV9CEudZ7PNne0G6FixJdG7w79jbL6u1172rupClrftveJ/FKATri/aHDY61oyGoZIG/LNkRHw== eductive17@master.thisistheway.ovh\n",
            "region": "SBG5",
            "value_specs": null
          },
          "sensitive_attributes": [],
          "private": "bnVsbA=="
        }
      ]
    },
    {
      "mode": "managed",
      "type": "ovh_cloud_project_database",
      "name": "db_eductive17",
      "provider": "provider[\"registry.terraform.io/ovh/ovh\"]",
      "instances": [
        {
          "schema_version": 0,
          "attributes": {
            "backup_time": "06:06:00",
            "created_at": "2023-01-12T20:42:56.300471+01:00",
            "description": "",
            "disk_size": 80,
            "disk_type": "high-speed",
            "endpoints": [
              {
                "component": "mysql",
                "domain": "mysql-13d3e0c3-o5d5bb6d4.database.cloud.ovh.net",
                "path": "",
                "port": 20184,
                "scheme": "mysql",
                "ssl": true,
                "ssl_mode": "REQUIRED",
                "uri": "mysql://\u003cusername\u003e:\u003cpassword\u003e@mysql-13d3e0c3-o5d5bb6d4.database.cloud.ovh.net:20184/defaultdb?ssl-mode=REQUIRED"
              }
            ],
            "engine": "mysql",
            "flavor": "db1-4",
            "id": "13d3e0c3-b7bd-4dcb-b9fe-b5f72ae2f335",
            "kafka_rest_api": false,
            "maintenance_time": "04:49:41",
            "network_type": "public",
            "nodes": [
              {
                "network_id": "",
                "region": "GRA",
                "subnet_id": ""
              }
            ],
            "opensearch_acls_enabled": false,
            "plan": "essential",
            "service_name": "9957f50cea694f13b26cc064d04b2e95",
            "status": "READY",
            "timeouts": null,
            "version": "8"
          },
          "sensitive_attributes": [],
          "private": "eyJlMmJmYjczMC1lY2FhLTExZTYtOGY4OC0zNDM2M2JjN2M0YzAiOnsiY3JlYXRlIjoxMjAwMDAwMDAwMDAwLCJkZWxldGUiOjEyMDAwMDAwMDAwMDAsInVwZGF0ZSI6MjQwMDAwMDAwMDAwMH19"
        }
      ]
    },
    {
      "mode": "managed",
      "type": "ovh_cloud_project_database_database",
      "name": "database",
      "provider": "provider[\"registry.terraform.io/ovh/ovh\"]",
      "instances": [
        {
          "schema_version": 0,
          "attributes": {
            "cluster_id": "13d3e0c3-b7bd-4dcb-b9fe-b5f72ae2f335",
            "default": false,
            "engine": "mysql",
            "id": "7654e0d5-a7e4-4fa0-9c51-200b647a4657",
            "name": "wordpress_data",
            "service_name": "9957f50cea694f13b26cc064d04b2e95",
            "timeouts": null
          },
          "sensitive_attributes": [],
          "private": "eyJlMmJmYjczMC1lY2FhLTExZTYtOGY4OC0zNDM2M2JjN2M0YzAiOnsiY3JlYXRlIjoxMjAwMDAwMDAwMDAwLCJkZWxldGUiOjEyMDAwMDAwMDAwMDB9fQ==",
          "dependencies": [
            "ovh_cloud_project_database.db_eductive17"
          ]
        }
      ]
    },
    {
      "mode": "managed",
      "type": "ovh_cloud_project_database_ip_restriction",
      "name": "iprestriction_gra",
      "provider": "provider[\"registry.terraform.io/ovh/ovh\"]",
      "instances": []
    },
    {
      "mode": "managed",
      "type": "ovh_cloud_project_database_ip_restriction",
      "name": "iprestriction_sbg",
      "provider": "provider[\"registry.terraform.io/ovh/ovh\"]",
      "instances": [
        {
          "index_key": 0,
          "schema_version": 0,
          "attributes": {
            "cluster_id": "13d3e0c3-b7bd-4dcb-b9fe-b5f72ae2f335",
            "description": "",
            "engine": "mysql",
            "id": "1780978928",
            "ip": "51.68.92.239/32",
            "service_name": "9957f50cea694f13b26cc064d04b2e95",
            "status": "READY",
            "timeouts": null
          },
          "sensitive_attributes": [],
          "private": "eyJlMmJmYjczMC1lY2FhLTExZTYtOGY4OC0zNDM2M2JjN2M0YzAiOnsiY3JlYXRlIjoxMjAwMDAwMDAwMDAwLCJkZWxldGUiOjEyMDAwMDAwMDAwMDAsInVwZGF0ZSI6MTIwMDAwMDAwMDAwMH19",
          "dependencies": [
            "openstack_compute_instance_v2.backend_sbg",
            "openstack_compute_keypair_v2.test_keypair",
            "ovh_cloud_project_database.db_eductive17",
            "ovh_cloud_project_network_private.private_network",
            "ovh_cloud_project_network_private_subnet.subnetwork_sbg"
          ]
        }
      ]
    },
    {
      "mode": "managed",
      "type": "ovh_cloud_project_database_user",
      "name": "eductive17",
      "provider": "provider[\"registry.terraform.io/ovh/ovh\"]",
      "instances": [
        {
          "schema_version": 0,
          "attributes": {
            "cluster_id": "13d3e0c3-b7bd-4dcb-b9fe-b5f72ae2f335",
            "created_at": "2023-01-12T20:47:42.28115+01:00",
            "engine": "mysql",
            "id": "689f601a-4722-43bb-9790-8165d866fbe2",
            "name": "eductive17",
            "password": "AVNS_fo196GvLQ8kgPT8zMcF",
            "password_reset": null,
            "service_name": "9957f50cea694f13b26cc064d04b2e95",
            "status": "READY",
            "timeouts": null
          },
          "sensitive_attributes": [],
          "private": "eyJlMmJmYjczMC1lY2FhLTExZTYtOGY4OC0zNDM2M2JjN2M0YzAiOnsiY3JlYXRlIjoxMjAwMDAwMDAwMDAwLCJkZWxldGUiOjEyMDAwMDAwMDAwMDAsInVwZGF0ZSI6MTIwMDAwMDAwMDAwMH19",
          "dependencies": [
            "ovh_cloud_project_database.db_eductive17"
          ]
        }
      ]
    },
    {
      "mode": "managed",
      "type": "ovh_cloud_project_network_private",
      "name": "private_network",
      "provider": "provider[\"registry.terraform.io/ovh/ovh\"].ovh",
      "instances": [
        {
          "schema_version": 0,
          "attributes": {
            "id": "pn-1089024_17",
            "name": "private_network_eductive17",
            "regions": [
              "GRA11",
              "SBG5"
            ],
            "regions_attributes": [
              {
                "openstackid": "06be1d6c-3522-4795-99bc-6909ba2cd4ce",
                "region": "GRA11",
                "status": "ACTIVE"
              },
              {
                "openstackid": "cb9f83c3-b696-4ed8-ad74-48e678f8cff4",
                "region": "SBG5",
                "status": "ACTIVE"
              }
            ],
            "regions_status": [
              {
                "region": "SBG5",
                "status": "ACTIVE"
              }
            ],
            "service_name": "9957f50cea694f13b26cc064d04b2e95",
            "status": "ACTIVE",
            "type": "private",
            "vlan_id": 17
          },
          "sensitive_attributes": [],
          "private": "bnVsbA=="
        }
      ]
    },
    {
      "mode": "managed",
      "type": "ovh_cloud_project_network_private_subnet",
      "name": "subnetwork_gra",
      "provider": "provider[\"registry.terraform.io/ovh/ovh\"].ovh",
      "instances": [
        {
          "schema_version": 0,
          "attributes": {
            "cidr": "192.168.17.0/24",
            "dhcp": false,
            "end": "192.168.17.200",
            "gateway_ip": "",
            "id": "2f71a567-c749-49cf-a40a-b27bb8fd629b",
            "ip_pools": [
              {
                "dhcp": false,
                "end": "192.168.17.200",
                "network": "192.168.17.0/24",
                "region": "GRA11",
                "start": "192.168.17.1"
              }
            ],
            "network": "192.168.17.0/24",
            "network_id": "pn-1089024_17",
            "no_gateway": true,
            "region": "GRA11",
            "service_name": "9957f50cea694f13b26cc064d04b2e95",
            "start": "192.168.17.1"
          },
          "sensitive_attributes": [],
          "private": "bnVsbA==",
          "dependencies": [
            "ovh_cloud_project_network_private.private_network"
          ]
        }
      ]
    },
    {
      "mode": "managed",
      "type": "ovh_cloud_project_network_private_subnet",
      "name": "subnetwork_sbg",
      "provider": "provider[\"registry.terraform.io/ovh/ovh\"].ovh",
      "instances": [
        {
          "schema_version": 0,
          "attributes": {
            "cidr": "192.168.17.0/24",
            "dhcp": false,
            "end": "192.168.17.200",
            "gateway_ip": "",
            "id": "6357039d-57cb-40ac-8f6c-16a4abd6ad78",
            "ip_pools": [
              {
                "dhcp": false,
                "end": "192.168.17.200",
                "network": "192.168.17.0/24",
                "region": "SBG5",
                "start": "192.168.17.1"
              }
            ],
            "network": "192.168.17.0/24",
            "network_id": "pn-1089024_17",
            "no_gateway": true,
            "region": "SBG5",
            "service_name": "9957f50cea694f13b26cc064d04b2e95",
            "start": "192.168.17.1"
          },
          "sensitive_attributes": [],
          "private": "bnVsbA==",
          "dependencies": [
            "ovh_cloud_project_network_private.private_network"
          ]
        }
      ]
    }
  ],
  "check_results": []
}
